
Microsoft Visual Studio Solution File, Format Version 12.00
# Visual Studio Version 17
VisualStudioVersion = 17.9.34714.143
MinimumVisualStudioVersion = 10.0.40219.1
Project("{8BC9CEB8-8B4A-11D0-8D11-00A0C91BC942}") = "chat_server2", "chat_server2\chat_server2.vcxproj", "{51AD41EA-A307-4359-83F8-42B450C554DA}"
EndProject
Project("{8BC9CEB8-8B4A-11D0-8D11-00A0C91BC942}") = "chat_client2", "chat_client2\chat_client2.vcxproj", "{86BEAECA-7F01-428B-BD2C-6EE9065FE50D}"
EndProject
Global
	GlobalSection(SolutionConfigurationPlatforms) = preSolution
		Debug|x64 = Debug|x64
		Debug|x86 = Debug|x86
		Release|x64 = Release|x64
		Release|x86 = Release|x86
	EndGlobalSection
	GlobalSection(ProjectConfigurationPlatforms) = postSolution
		{51AD41EA-A307-4359-83F8-42B450C554DA}.Debug|x64.ActiveCfg = Debug|x64
		{51AD41EA-A307-4359-83F8-42B450C554DA}.Debug|x64.Build.0 = Debug|x64
		{51AD41EA-A307-4359-83F8-42B450C554DA}.Debug|x86.ActiveCfg = Debug|Win32
		{51AD41EA-A307-4359-83F8-42B450C554DA}.Debug|x86.Build.0 = Debug|Win32
		{51AD41EA-A307-4359-83F8-42B450C554DA}.Release|x64.ActiveCfg = Release|x64
		{51AD41EA-A307-4359-83F8-42B450C554DA}.Release|x64.Build.0 = Release|x64
		{51AD41EA-A307-4359-83F8-42B450C554DA}.Release|x86.ActiveCfg = Release|Win32
		{51AD41EA-A307-4359-83F8-42B450C554DA}.Release|x86.Build.0 = Release|Win32
		{86BEAECA-7F01-428B-BD2C-6EE9065FE50D}.Debug|x64.ActiveCfg = Debug|x64
		{86BEAECA-7F01-428B-BD2C-6EE9065FE50D}.Debug|x64.Build.0 = Debug|x64
		{86BEAECA-7F01-428B-BD2C-6EE9065FE50D}.Debug|x86.ActiveCfg = Debug|Win32
		{86BEAECA-7F01-428B-BD2C-6EE9065FE50D}.Debug|x86.Build.0 = Debug|Win32
		{86BEAECA-7F01-428B-BD2C-6EE9065FE50D}.Release|x64.ActiveCfg = Release|x64
		{86BEAECA-7F01-428B-BD2C-6EE9065FE50D}.Release|x64.Build.0 = Release|x64
		{86BEAECA-7F01-428B-BD2C-6EE9065FE50D}.Release|x86.ActiveCfg = Release|Win32
		{86BEAECA-7F01-428B-BD2C-6EE9065FE50D}.Release|x86.Build.0 = Release|Win32
	EndGlobalSection
	GlobalSection(SolutionProperties) = preSolution
		HideSolutionNode = FALSE
	EndGlobalSection
	GlobalSection(ExtensibilityGlobals) = postSolution
		SolutionGuid = {5BAF9035-6DC5-42CC-AE7A-65B474313F50}
	EndGlobalSection
EndGlobal
